
Microsoft Visual Studio Solution File, Format Version 12.00
# Visual Studio 2013
VisualStudioVersion = 12.0.30723.0
MinimumVisualStudioVersion = 10.0.40219.1
Project("{FAE04EC0-301F-11D3-BF4B-00C04F79EFBC}") = "DiaryRuSearcher", "DiaryRuSearcher\DiaryRuSearcher.csproj", "{AB15A983-92D2-479D-A6DD-A5AB50769D81}"
EndProject
Project("{FAE04EC0-301F-11D3-BF4B-00C04F79EFBC}") = "DiaryAPI", "DiaryAPIClient\DiaryAPI.csproj", "{0AF0D53F-B6CE-4135-99B7-BD4E6054AA45}"
EndProject
Project("{FAE04EC0-301F-11D3-BF4B-00C04F79EFBC}") = "ConsoleTestAPI", "ConsoleTestAPI\ConsoleTestAPI.csproj", "{CD56DB4E-A49A-402E-B93B-418F81702D67}"
EndProject
Global
	GlobalSection(SolutionConfigurationPlatforms) = preSolution
		Debug|Any CPU = Debug|Any CPU
		Release|Any CPU = Release|Any CPU
	EndGlobalSection
	GlobalSection(ProjectConfigurationPlatforms) = postSolution
		{AB15A983-92D2-479D-A6DD-A5AB50769D81}.Debug|Any CPU.ActiveCfg = Debug|Any CPU
		{AB15A983-92D2-479D-A6DD-A5AB50769D81}.Debug|Any CPU.Build.0 = Debug|Any CPU
		{AB15A983-92D2-479D-A6DD-A5AB50769D81}.Release|Any CPU.ActiveCfg = Release|Any CPU
		{AB15A983-92D2-479D-A6DD-A5AB50769D81}.Release|Any CPU.Build.0 = Release|Any CPU
		{0AF0D53F-B6CE-4135-99B7-BD4E6054AA45}.Debug|Any CPU.ActiveCfg = Debug|Any CPU
		{0AF0D53F-B6CE-4135-99B7-BD4E6054AA45}.Debug|Any CPU.Build.0 = Debug|Any CPU
		{0AF0D53F-B6CE-4135-99B7-BD4E6054AA45}.Release|Any CPU.ActiveCfg = Release|Any CPU
		{0AF0D53F-B6CE-4135-99B7-BD4E6054AA45}.Release|Any CPU.Build.0 = Release|Any CPU
		{CD56DB4E-A49A-402E-B93B-418F81702D67}.Debug|Any CPU.ActiveCfg = Debug|Any CPU
		{CD56DB4E-A49A-402E-B93B-418F81702D67}.Debug|Any CPU.Build.0 = Debug|Any CPU
		{CD56DB4E-A49A-402E-B93B-418F81702D67}.Release|Any CPU.ActiveCfg = Release|Any CPU
		{CD56DB4E-A49A-402E-B93B-418F81702D67}.Release|Any CPU.Build.0 = Release|Any CPU
	EndGlobalSection
	GlobalSection(SolutionProperties) = preSolution
		HideSolutionNode = FALSE
	EndGlobalSection
EndGlobal
